// !$*UTF8*$!
{
	archiveVersion = 1;
	classes = {
	};
	objectVersion = 50;
	objects = {

/* Begin PBXBuildFile section */
		2811176B24355EC00031CC37 /* AddExpenseModel.swift in Sources */ = {isa = PBXBuildFile; fileRef = 2811176A24355EC00031CC37 /* AddExpenseModel.swift */; };
		2813DA8E2427F60D00B0FC18 /* AppDelegate.swift in Sources */ = {isa = PBXBuildFile; fileRef = 2813DA8D2427F60D00B0FC18 /* AppDelegate.swift */; };
		2813DA902427F60D00B0FC18 /* SceneDelegate.swift in Sources */ = {isa = PBXBuildFile; fileRef = 2813DA8F2427F60D00B0FC18 /* SceneDelegate.swift */; };
		2813DA982427F60D00B0FC18 /* BetterBudget.xcdatamodeld in Sources */ = {isa = PBXBuildFile; fileRef = 2813DA962427F60D00B0FC18 /* BetterBudget.xcdatamodeld */; };
		2813DA9A2427F60F00B0FC18 /* Assets.xcassets in Resources */ = {isa = PBXBuildFile; fileRef = 2813DA992427F60F00B0FC18 /* Assets.xcassets */; };
		2813DA9D2427F60F00B0FC18 /* LaunchScreen.storyboard in Resources */ = {isa = PBXBuildFile; fileRef = 2813DA9B2427F60F00B0FC18 /* LaunchScreen.storyboard */; };
		2813DAA82427F60F00B0FC18 /* BetterBudgetTests.swift in Sources */ = {isa = PBXBuildFile; fileRef = 2813DAA72427F60F00B0FC18 /* BetterBudgetTests.swift */; };
		2813DAB32427F60F00B0FC18 /* BetterBudgetUITests.swift in Sources */ = {isa = PBXBuildFile; fileRef = 2813DAB22427F60F00B0FC18 /* BetterBudgetUITests.swift */; };
		2813DAC62428001F00B0FC18 /* ExpensesTVC.swift in Sources */ = {isa = PBXBuildFile; fileRef = 2813DAC52428001F00B0FC18 /* ExpensesTVC.swift */; };
		2823ACE324425CD80003F11A /* SwiftUIView.swift in Sources */ = {isa = PBXBuildFile; fileRef = 2823ACE224425CD80003F11A /* SwiftUIView.swift */; };
		2823ACE524425D3C0003F11A /* BudgetVC.swift in Sources */ = {isa = PBXBuildFile; fileRef = 2823ACE424425D3C0003F11A /* BudgetVC.swift */; };
		2832EFF42434230400C4C4D3 /* PickerBasedTextField.swift in Sources */ = {isa = PBXBuildFile; fileRef = 2832EFF32434230400C4C4D3 /* PickerBasedTextField.swift */; };
		283CB62624428FD30022314C /* UIViewControllerExtensions.swift in Sources */ = {isa = PBXBuildFile; fileRef = 283CB62524428FD30022314C /* UIViewControllerExtensions.swift */; };
		283CB6282442BB930022314C /* HeaderView.swift in Sources */ = {isa = PBXBuildFile; fileRef = 283CB6272442BB930022314C /* HeaderView.swift */; };
		283CB62A2442F5790022314C /* Extension+UIView.swift in Sources */ = {isa = PBXBuildFile; fileRef = 283CB6292442F5790022314C /* Extension+UIView.swift */; };
		2842908D243749BB0034D1F3 /* CoreDataManager.swift in Sources */ = {isa = PBXBuildFile; fileRef = 2842908C243749BB0034D1F3 /* CoreDataManager.swift */; };
		286CB4B024312AB200F63053 /* CoreData+Convenience.swift in Sources */ = {isa = PBXBuildFile; fileRef = 286CB4AF24312AB200F63053 /* CoreData+Convenience.swift */; };
		286CB4B224312F0700F63053 /* Schema.swift in Sources */ = {isa = PBXBuildFile; fileRef = 286CB4B124312F0700F63053 /* Schema.swift */; };
		286CB4B42431336800F63053 /* CoreDataStack.swift in Sources */ = {isa = PBXBuildFile; fileRef = 286CB4B32431336800F63053 /* CoreDataStack.swift */; };
		286CB4B82431525E00F63053 /* ExpenseProvider.swift in Sources */ = {isa = PBXBuildFile; fileRef = 286CB4B72431525E00F63053 /* ExpenseProvider.swift */; };
		286CB4BA243176B100F63053 /* ExpenseInteractionDelegate.swift in Sources */ = {isa = PBXBuildFile; fileRef = 286CB4B9243176B100F63053 /* ExpenseInteractionDelegate.swift */; };
		287278C6242B157B00CA1717 /* UnusedCode.swift in Sources */ = {isa = PBXBuildFile; fileRef = 287278C5242B157B00CA1717 /* UnusedCode.swift */; };
		28754680243AD1B300887359 /* IncomeTVC.swift in Sources */ = {isa = PBXBuildFile; fileRef = 2875467F243AD1B300887359 /* IncomeTVC.swift */; };
		28754682243AD88D00887359 /* BBTabBarController.swift in Sources */ = {isa = PBXBuildFile; fileRef = 28754681243AD88D00887359 /* BBTabBarController.swift */; };
		28754684243AE0B000887359 /* IncomeDetailTVC.swift in Sources */ = {isa = PBXBuildFile; fileRef = 28754683243AE0B000887359 /* IncomeDetailTVC.swift */; };
		28754686243AE40C00887359 /* IncomeProvider.swift in Sources */ = {isa = PBXBuildFile; fileRef = 28754685243AE40C00887359 /* IncomeProvider.swift */; };
		28754688243AEB5B00887359 /* IncomeInteractionDelegate.swift in Sources */ = {isa = PBXBuildFile; fileRef = 28754687243AEB5B00887359 /* IncomeInteractionDelegate.swift */; };
		288CB7AC24458C0A004756E2 /* RightDetailTVCell.swift in Sources */ = {isa = PBXBuildFile; fileRef = 288CB7AB24458C0A004756E2 /* RightDetailTVCell.swift */; };
		28B968632443A5450091D121 /* Extensions+Constraints.swift in Sources */ = {isa = PBXBuildFile; fileRef = 28B968622443A5450091D121 /* Extensions+Constraints.swift */; };
		28B968672443AE6C0091D121 /* PaydayModel.swift in Sources */ = {isa = PBXBuildFile; fileRef = 28B968662443AE6C0091D121 /* PaydayModel.swift */; };
		28DD1A4824350C0D00EAB3EF /* Date+extensions.swift in Sources */ = {isa = PBXBuildFile; fileRef = 28DD1A4724350C0D00EAB3EF /* Date+extensions.swift */; };
		28DD1A4A24350C2100EAB3EF /* DateFormatter+Extensions.swift in Sources */ = {isa = PBXBuildFile; fileRef = 28DD1A4924350C2100EAB3EF /* DateFormatter+Extensions.swift */; };
		28DD1A4C24350C3400EAB3EF /* Number+Extensions.swift in Sources */ = {isa = PBXBuildFile; fileRef = 28DD1A4B24350C3400EAB3EF /* Number+Extensions.swift */; };
		28DD1A4E24350C4800EAB3EF /* String+Extensions.swift in Sources */ = {isa = PBXBuildFile; fileRef = 28DD1A4D24350C4800EAB3EF /* String+Extensions.swift */; };
		28DD1A5024350C5800EAB3EF /* NSLocale+Extensions.swift in Sources */ = {isa = PBXBuildFile; fileRef = 28DD1A4F24350C5800EAB3EF /* NSLocale+Extensions.swift */; };
		28DD1A5224350F4100EAB3EF /* BBMonth.swift in Sources */ = {isa = PBXBuildFile; fileRef = 28DD1A5124350F4100EAB3EF /* BBMonth.swift */; };
		28DEF5D5242845190052EF85 /* CloudKit.framework in Frameworks */ = {isa = PBXBuildFile; fileRef = 28DEF5D4242845190052EF85 /* CloudKit.framework */; };
		28DEF5D9242893C20052EF85 /* ExpenseDetailTVC.swift in Sources */ = {isa = PBXBuildFile; fileRef = 28DEF5D8242893C20052EF85 /* ExpenseDetailTVC.swift */; };
/* End PBXBuildFile section */

/* Begin PBXContainerItemProxy section */
		2813DAA42427F60F00B0FC18 /* PBXContainerItemProxy */ = {
			isa = PBXContainerItemProxy;
			containerPortal = 2813DA822427F60D00B0FC18 /* Project object */;
			proxyType = 1;
			remoteGlobalIDString = 2813DA892427F60D00B0FC18;
			remoteInfo = BetterBudget;
		};
		2813DAAF2427F60F00B0FC18 /* PBXContainerItemProxy */ = {
			isa = PBXContainerItemProxy;
			containerPortal = 2813DA822427F60D00B0FC18 /* Project object */;
			proxyType = 1;
			remoteGlobalIDString = 2813DA892427F60D00B0FC18;
			remoteInfo = BetterBudget;
		};
/* End PBXContainerItemProxy section */

/* Begin PBXFileReference section */
		2811176A24355EC00031CC37 /* AddExpenseModel.swift */ = {isa = PBXFileReference; lastKnownFileType = sourcecode.swift; path = AddExpenseModel.swift; sourceTree = "<group>"; };
		2813DA8A2427F60D00B0FC18 /* BetterBudget.app */ = {isa = PBXFileReference; explicitFileType = wrapper.application; includeInIndex = 0; path = BetterBudget.app; sourceTree = BUILT_PRODUCTS_DIR; };
		2813DA8D2427F60D00B0FC18 /* AppDelegate.swift */ = {isa = PBXFileReference; lastKnownFileType = sourcecode.swift; path = AppDelegate.swift; sourceTree = "<group>"; };
		2813DA8F2427F60D00B0FC18 /* SceneDelegate.swift */ = {isa = PBXFileReference; lastKnownFileType = sourcecode.swift; path = SceneDelegate.swift; sourceTree = "<group>"; };
		2813DA972427F60D00B0FC18 /* BetterBudget.xcdatamodel */ = {isa = PBXFileReference; lastKnownFileType = wrapper.xcdatamodel; path = BetterBudget.xcdatamodel; sourceTree = "<group>"; };
		2813DA992427F60F00B0FC18 /* Assets.xcassets */ = {isa = PBXFileReference; lastKnownFileType = folder.assetcatalog; path = Assets.xcassets; sourceTree = "<group>"; };
		2813DA9C2427F60F00B0FC18 /* Base */ = {isa = PBXFileReference; lastKnownFileType = file.storyboard; name = Base; path = Base.lproj/LaunchScreen.storyboard; sourceTree = "<group>"; };
		2813DA9E2427F60F00B0FC18 /* Info.plist */ = {isa = PBXFileReference; lastKnownFileType = text.plist.xml; path = Info.plist; sourceTree = "<group>"; };
		2813DAA32427F60F00B0FC18 /* BetterBudgetTests.xctest */ = {isa = PBXFileReference; explicitFileType = wrapper.cfbundle; includeInIndex = 0; path = BetterBudgetTests.xctest; sourceTree = BUILT_PRODUCTS_DIR; };
		2813DAA72427F60F00B0FC18 /* BetterBudgetTests.swift */ = {isa = PBXFileReference; lastKnownFileType = sourcecode.swift; path = BetterBudgetTests.swift; sourceTree = "<group>"; };
		2813DAA92427F60F00B0FC18 /* Info.plist */ = {isa = PBXFileReference; lastKnownFileType = text.plist.xml; path = Info.plist; sourceTree = "<group>"; };
		2813DAAE2427F60F00B0FC18 /* BetterBudgetUITests.xctest */ = {isa = PBXFileReference; explicitFileType = wrapper.cfbundle; includeInIndex = 0; path = BetterBudgetUITests.xctest; sourceTree = BUILT_PRODUCTS_DIR; };
		2813DAB22427F60F00B0FC18 /* BetterBudgetUITests.swift */ = {isa = PBXFileReference; lastKnownFileType = sourcecode.swift; path = BetterBudgetUITests.swift; sourceTree = "<group>"; };
		2813DAB42427F60F00B0FC18 /* Info.plist */ = {isa = PBXFileReference; lastKnownFileType = text.plist.xml; path = Info.plist; sourceTree = "<group>"; };
		2813DAC02427F63400B0FC18 /* BetterBudget.entitlements */ = {isa = PBXFileReference; lastKnownFileType = text.plist.entitlements; path = BetterBudget.entitlements; sourceTree = "<group>"; };
		2813DAC52428001F00B0FC18 /* ExpensesTVC.swift */ = {isa = PBXFileReference; lastKnownFileType = sourcecode.swift; path = ExpensesTVC.swift; sourceTree = "<group>"; };
		2823ACE224425CD80003F11A /* SwiftUIView.swift */ = {isa = PBXFileReference; lastKnownFileType = sourcecode.swift; path = SwiftUIView.swift; sourceTree = "<group>"; };
		2823ACE424425D3C0003F11A /* BudgetVC.swift */ = {isa = PBXFileReference; lastKnownFileType = sourcecode.swift; path = BudgetVC.swift; sourceTree = "<group>"; };
		2832EFF32434230400C4C4D3 /* PickerBasedTextField.swift */ = {isa = PBXFileReference; lastKnownFileType = sourcecode.swift; path = PickerBasedTextField.swift; sourceTree = "<group>"; };
		283CB62524428FD30022314C /* UIViewControllerExtensions.swift */ = {isa = PBXFileReference; lastKnownFileType = sourcecode.swift; path = UIViewControllerExtensions.swift; sourceTree = "<group>"; };
		283CB6272442BB930022314C /* HeaderView.swift */ = {isa = PBXFileReference; lastKnownFileType = sourcecode.swift; path = HeaderView.swift; sourceTree = "<group>"; };
		283CB6292442F5790022314C /* Extension+UIView.swift */ = {isa = PBXFileReference; lastKnownFileType = sourcecode.swift; path = "Extension+UIView.swift"; sourceTree = "<group>"; };
		2842908C243749BB0034D1F3 /* CoreDataManager.swift */ = {isa = PBXFileReference; lastKnownFileType = sourcecode.swift; path = CoreDataManager.swift; sourceTree = "<group>"; };
		286CB4AF24312AB200F63053 /* CoreData+Convenience.swift */ = {isa = PBXFileReference; lastKnownFileType = sourcecode.swift; path = "CoreData+Convenience.swift"; sourceTree = "<group>"; };
		286CB4B124312F0700F63053 /* Schema.swift */ = {isa = PBXFileReference; lastKnownFileType = sourcecode.swift; path = Schema.swift; sourceTree = "<group>"; };
		286CB4B32431336800F63053 /* CoreDataStack.swift */ = {isa = PBXFileReference; lastKnownFileType = sourcecode.swift; path = CoreDataStack.swift; sourceTree = "<group>"; };
		286CB4B72431525E00F63053 /* ExpenseProvider.swift */ = {isa = PBXFileReference; lastKnownFileType = sourcecode.swift; path = ExpenseProvider.swift; sourceTree = "<group>"; };
		286CB4B9243176B100F63053 /* ExpenseInteractionDelegate.swift */ = {isa = PBXFileReference; lastKnownFileType = sourcecode.swift; path = ExpenseInteractionDelegate.swift; sourceTree = "<group>"; };
		287278C5242B157B00CA1717 /* UnusedCode.swift */ = {isa = PBXFileReference; lastKnownFileType = sourcecode.swift; path = UnusedCode.swift; sourceTree = "<group>"; };
		2875467F243AD1B300887359 /* IncomeTVC.swift */ = {isa = PBXFileReference; lastKnownFileType = sourcecode.swift; path = IncomeTVC.swift; sourceTree = "<group>"; };
		28754681243AD88D00887359 /* BBTabBarController.swift */ = {isa = PBXFileReference; lastKnownFileType = sourcecode.swift; path = BBTabBarController.swift; sourceTree = "<group>"; };
		28754683243AE0B000887359 /* IncomeDetailTVC.swift */ = {isa = PBXFileReference; lastKnownFileType = sourcecode.swift; path = IncomeDetailTVC.swift; sourceTree = "<group>"; };
		28754685243AE40C00887359 /* IncomeProvider.swift */ = {isa = PBXFileReference; fileEncoding = 4; lastKnownFileType = sourcecode.swift; path = IncomeProvider.swift; sourceTree = "<group>"; };
		28754687243AEB5B00887359 /* IncomeInteractionDelegate.swift */ = {isa = PBXFileReference; fileEncoding = 4; lastKnownFileType = sourcecode.swift; path = IncomeInteractionDelegate.swift; sourceTree = "<group>"; };
		288CB7AB24458C0A004756E2 /* RightDetailTVCell.swift */ = {isa = PBXFileReference; lastKnownFileType = sourcecode.swift; path = RightDetailTVCell.swift; sourceTree = "<group>"; };
		28B968622443A5450091D121 /* Extensions+Constraints.swift */ = {isa = PBXFileReference; lastKnownFileType = sourcecode.swift; path = "Extensions+Constraints.swift"; sourceTree = "<group>"; };
		28B968662443AE6C0091D121 /* PaydayModel.swift */ = {isa = PBXFileReference; lastKnownFileType = sourcecode.swift; path = PaydayModel.swift; sourceTree = "<group>"; };
		28DD1A4724350C0D00EAB3EF /* Date+extensions.swift */ = {isa = PBXFileReference; lastKnownFileType = sourcecode.swift; path = "Date+extensions.swift"; sourceTree = "<group>"; };
		28DD1A4924350C2100EAB3EF /* DateFormatter+Extensions.swift */ = {isa = PBXFileReference; lastKnownFileType = sourcecode.swift; path = "DateFormatter+Extensions.swift"; sourceTree = "<group>"; };
		28DD1A4B24350C3400EAB3EF /* Number+Extensions.swift */ = {isa = PBXFileReference; lastKnownFileType = sourcecode.swift; path = "Number+Extensions.swift"; sourceTree = "<group>"; };
		28DD1A4D24350C4800EAB3EF /* String+Extensions.swift */ = {isa = PBXFileReference; lastKnownFileType = sourcecode.swift; path = "String+Extensions.swift"; sourceTree = "<group>"; };
		28DD1A4F24350C5800EAB3EF /* NSLocale+Extensions.swift */ = {isa = PBXFileReference; lastKnownFileType = sourcecode.swift; path = "NSLocale+Extensions.swift"; sourceTree = "<group>"; };
		28DD1A5124350F4100EAB3EF /* BBMonth.swift */ = {isa = PBXFileReference; lastKnownFileType = sourcecode.swift; path = BBMonth.swift; sourceTree = "<group>"; };
		28DEF5D4242845190052EF85 /* CloudKit.framework */ = {isa = PBXFileReference; lastKnownFileType = wrapper.framework; name = CloudKit.framework; path = System/Library/Frameworks/CloudKit.framework; sourceTree = SDKROOT; };
		28DEF5D8242893C20052EF85 /* ExpenseDetailTVC.swift */ = {isa = PBXFileReference; lastKnownFileType = sourcecode.swift; name = ExpenseDetailTVC.swift; path = BetterBudget/Controllers/ExpenseDetailTVC.swift; sourceTree = SOURCE_ROOT; };
/* End PBXFileReference section */

/* Begin PBXFrameworksBuildPhase section */
		2813DA872427F60D00B0FC18 /* Frameworks */ = {
			isa = PBXFrameworksBuildPhase;
			buildActionMask = 2147483647;
			files = (
				28DEF5D5242845190052EF85 /* CloudKit.framework in Frameworks */,
			);
			runOnlyForDeploymentPostprocessing = 0;
		};
		2813DAA02427F60F00B0FC18 /* Frameworks */ = {
			isa = PBXFrameworksBuildPhase;
			buildActionMask = 2147483647;
			files = (
			);
			runOnlyForDeploymentPostprocessing = 0;
		};
		2813DAAB2427F60F00B0FC18 /* Frameworks */ = {
			isa = PBXFrameworksBuildPhase;
			buildActionMask = 2147483647;
			files = (
			);
			runOnlyForDeploymentPostprocessing = 0;
		};
/* End PBXFrameworksBuildPhase section */

/* Begin PBXGroup section */
		2813DA812427F60D00B0FC18 = {
			isa = PBXGroup;
			children = (
				2823ACE224425CD80003F11A /* SwiftUIView.swift */,
				2813DA8C2427F60D00B0FC18 /* BetterBudget */,
				2813DAB12427F60F00B0FC18 /* BetterBudgetUITests */,
				2813DAA62427F60F00B0FC18 /* BetterBudgetTests */,
				2813DA8B2427F60D00B0FC18 /* Products */,
				28DEF5D3242845190052EF85 /* Frameworks */,
			);
			sourceTree = "<group>";
		};
		2813DA8B2427F60D00B0FC18 /* Products */ = {
			isa = PBXGroup;
			children = (
				2813DA8A2427F60D00B0FC18 /* BetterBudget.app */,
				2813DAA32427F60F00B0FC18 /* BetterBudgetTests.xctest */,
				2813DAAE2427F60F00B0FC18 /* BetterBudgetUITests.xctest */,
			);
			name = Products;
			sourceTree = "<group>";
		};
		2813DA8C2427F60D00B0FC18 /* BetterBudget */ = {
			isa = PBXGroup;
			children = (
				2813DAC02427F63400B0FC18 /* BetterBudget.entitlements */,
				2813DA8D2427F60D00B0FC18 /* AppDelegate.swift */,
				2813DA8F2427F60D00B0FC18 /* SceneDelegate.swift */,
				2813DAC9242823E000B0FC18 /* Models */,
				286CB4AA2431279600F63053 /* Shared */,
				286CB4A92431255300F63053 /* DataProvider */,
				2832EFF22434229400C4C4D3 /* Views */,
				2813DACA2428240100B0FC18 /* Controllers */,
				28DEF5D2242825F60052EF85 /* Supporting Files */,
				2813DA9E2427F60F00B0FC18 /* Info.plist */,
			);
			path = BetterBudget;
			sourceTree = "<group>";
		};
		2813DAA62427F60F00B0FC18 /* BetterBudgetTests */ = {
			isa = PBXGroup;
			children = (
				2813DAA72427F60F00B0FC18 /* BetterBudgetTests.swift */,
				2813DAA92427F60F00B0FC18 /* Info.plist */,
			);
			path = BetterBudgetTests;
			sourceTree = "<group>";
		};
		2813DAB12427F60F00B0FC18 /* BetterBudgetUITests */ = {
			isa = PBXGroup;
			children = (
				2813DAB22427F60F00B0FC18 /* BetterBudgetUITests.swift */,
				2813DAB42427F60F00B0FC18 /* Info.plist */,
			);
			path = BetterBudgetUITests;
			sourceTree = "<group>";
		};
		2813DAC9242823E000B0FC18 /* Models */ = {
			isa = PBXGroup;
			children = (
				2813DA962427F60D00B0FC18 /* BetterBudget.xcdatamodeld */,
				28B968662443AE6C0091D121 /* PaydayModel.swift */,
				2811176A24355EC00031CC37 /* AddExpenseModel.swift */,
				28DD1A4624350BCC00EAB3EF /* Extensions */,
			);
			path = Models;
			sourceTree = "<group>";
		};
		2813DACA2428240100B0FC18 /* Controllers */ = {
			isa = PBXGroup;
			children = (
				283CB62424428FB90022314C /* Extensions */,
				28754681243AD88D00887359 /* BBTabBarController.swift */,
				2875467F243AD1B300887359 /* IncomeTVC.swift */,
				288CB7AB24458C0A004756E2 /* RightDetailTVCell.swift */,
				28754683243AE0B000887359 /* IncomeDetailTVC.swift */,
				2813DAC52428001F00B0FC18 /* ExpensesTVC.swift */,
				28DEF5D8242893C20052EF85 /* ExpenseDetailTVC.swift */,
				286CB4B9243176B100F63053 /* ExpenseInteractionDelegate.swift */,
				28754687243AEB5B00887359 /* IncomeInteractionDelegate.swift */,
				2823ACE424425D3C0003F11A /* BudgetVC.swift */,
				283CB6272442BB930022314C /* HeaderView.swift */,
			);
			path = Controllers;
			sourceTree = "<group>";
		};
		2832EFF22434229400C4C4D3 /* Views */ = {
			isa = PBXGroup;
			children = (
			);
			path = Views;
			sourceTree = "<group>";
		};
		283CB62424428FB90022314C /* Extensions */ = {
			isa = PBXGroup;
			children = (
				283CB62524428FD30022314C /* UIViewControllerExtensions.swift */,
				283CB6292442F5790022314C /* Extension+UIView.swift */,
				28B968622443A5450091D121 /* Extensions+Constraints.swift */,
			);
			path = Extensions;
			sourceTree = "<group>";
		};
		286CB4A92431255300F63053 /* DataProvider */ = {
			isa = PBXGroup;
			children = (
				286CB4B124312F0700F63053 /* Schema.swift */,
				286CB4B32431336800F63053 /* CoreDataStack.swift */,
				2842908C243749BB0034D1F3 /* CoreDataManager.swift */,
				286CB4B72431525E00F63053 /* ExpenseProvider.swift */,
				28754685243AE40C00887359 /* IncomeProvider.swift */,
			);
			path = DataProvider;
			sourceTree = "<group>";
		};
		286CB4AA2431279600F63053 /* Shared */ = {
			isa = PBXGroup;
			children = (
				286CB4AF24312AB200F63053 /* CoreData+Convenience.swift */,
			);
			path = Shared;
			sourceTree = "<group>";
		};
		28DD1A4624350BCC00EAB3EF /* Extensions */ = {
			isa = PBXGroup;
			children = (
				28DD1A5124350F4100EAB3EF /* BBMonth.swift */,
				28DD1A4724350C0D00EAB3EF /* Date+extensions.swift */,
				28DD1A4924350C2100EAB3EF /* DateFormatter+Extensions.swift */,
				28DD1A4B24350C3400EAB3EF /* Number+Extensions.swift */,
				28DD1A4D24350C4800EAB3EF /* String+Extensions.swift */,
				28DD1A4F24350C5800EAB3EF /* NSLocale+Extensions.swift */,
			);
			path = Extensions;
			sourceTree = "<group>";
		};
		28DEF5D2242825F60052EF85 /* Supporting Files */ = {
			isa = PBXGroup;
			children = (
				2813DA992427F60F00B0FC18 /* Assets.xcassets */,
				2813DA9B2427F60F00B0FC18 /* LaunchScreen.storyboard */,
				287278C5242B157B00CA1717 /* UnusedCode.swift */,
				2832EFF32434230400C4C4D3 /* PickerBasedTextField.swift */,
			);
			path = "Supporting Files";
			sourceTree = "<group>";
		};
		28DEF5D3242845190052EF85 /* Frameworks */ = {
			isa = PBXGroup;
			children = (
				28DEF5D4242845190052EF85 /* CloudKit.framework */,
			);
			name = Frameworks;
			sourceTree = "<group>";
		};
/* End PBXGroup section */

/* Begin PBXNativeTarget section */
		2813DA892427F60D00B0FC18 /* BetterBudget */ = {
			isa = PBXNativeTarget;
			buildConfigurationList = 2813DAB72427F60F00B0FC18 /* Build configuration list for PBXNativeTarget "BetterBudget" */;
			buildPhases = (
				2813DA862427F60D00B0FC18 /* Sources */,
				2813DA872427F60D00B0FC18 /* Frameworks */,
				2813DA882427F60D00B0FC18 /* Resources */,
			);
			buildRules = (
			);
			dependencies = (
			);
			name = BetterBudget;
			packageProductDependencies = (
			);
			productName = BetterBudget;
			productReference = 2813DA8A2427F60D00B0FC18 /* BetterBudget.app */;
			productType = "com.apple.product-type.application";
		};
		2813DAA22427F60F00B0FC18 /* BetterBudgetTests */ = {
			isa = PBXNativeTarget;
			buildConfigurationList = 2813DABA2427F60F00B0FC18 /* Build configuration list for PBXNativeTarget "BetterBudgetTests" */;
			buildPhases = (
				2813DA9F2427F60F00B0FC18 /* Sources */,
				2813DAA02427F60F00B0FC18 /* Frameworks */,
				2813DAA12427F60F00B0FC18 /* Resources */,
			);
			buildRules = (
			);
			dependencies = (
				2813DAA52427F60F00B0FC18 /* PBXTargetDependency */,
			);
			name = BetterBudgetTests;
			productName = BetterBudgetTests;
			productReference = 2813DAA32427F60F00B0FC18 /* BetterBudgetTests.xctest */;
			productType = "com.apple.product-type.bundle.unit-test";
		};
		2813DAAD2427F60F00B0FC18 /* BetterBudgetUITests */ = {
			isa = PBXNativeTarget;
			buildConfigurationList = 2813DABD2427F60F00B0FC18 /* Build configuration list for PBXNativeTarget "BetterBudgetUITests" */;
			buildPhases = (
				2813DAAA2427F60F00B0FC18 /* Sources */,
				2813DAAB2427F60F00B0FC18 /* Frameworks */,
				2813DAAC2427F60F00B0FC18 /* Resources */,
			);
			buildRules = (
			);
			dependencies = (
				2813DAB02427F60F00B0FC18 /* PBXTargetDependency */,
			);
			name = BetterBudgetUITests;
			productName = BetterBudgetUITests;
			productReference = 2813DAAE2427F60F00B0FC18 /* BetterBudgetUITests.xctest */;
			productType = "com.apple.product-type.bundle.ui-testing";
		};
/* End PBXNativeTarget section */

/* Begin PBXProject section */
		2813DA822427F60D00B0FC18 /* Project object */ = {
			isa = PBXProject;
			attributes = {
				LastSwiftUpdateCheck = 1130;
				LastUpgradeCheck = 1130;
				ORGANIZATIONNAME = "JOHN JAMES III";
				TargetAttributes = {
					2813DA892427F60D00B0FC18 = {
						CreatedOnToolsVersion = 11.3.1;
					};
					2813DAA22427F60F00B0FC18 = {
						CreatedOnToolsVersion = 11.3.1;
						TestTargetID = 2813DA892427F60D00B0FC18;
					};
					2813DAAD2427F60F00B0FC18 = {
						CreatedOnToolsVersion = 11.3.1;
						TestTargetID = 2813DA892427F60D00B0FC18;
					};
				};
			};
			buildConfigurationList = 2813DA852427F60D00B0FC18 /* Build configuration list for PBXProject "BetterBudget" */;
			compatibilityVersion = "Xcode 9.3";
			developmentRegion = en;
			hasScannedForEncodings = 0;
			knownRegions = (
				en,
				Base,
			);
			mainGroup = 2813DA812427F60D00B0FC18;
			packageReferences = (
			);
			productRefGroup = 2813DA8B2427F60D00B0FC18 /* Products */;
			projectDirPath = "";
			projectRoot = "";
			targets = (
				2813DA892427F60D00B0FC18 /* BetterBudget */,
				2813DAA22427F60F00B0FC18 /* BetterBudgetTests */,
				2813DAAD2427F60F00B0FC18 /* BetterBudgetUITests */,
			);
		};
/* End PBXProject section */

/* Begin PBXResourcesBuildPhase section */
		2813DA882427F60D00B0FC18 /* Resources */ = {
			isa = PBXResourcesBuildPhase;
			buildActionMask = 2147483647;
			files = (
				2813DA9D2427F60F00B0FC18 /* LaunchScreen.storyboard in Resources */,
				2813DA9A2427F60F00B0FC18 /* Assets.xcassets in Resources */,
			);
			runOnlyForDeploymentPostprocessing = 0;
		};
		2813DAA12427F60F00B0FC18 /* Resources */ = {
			isa = PBXResourcesBuildPhase;
			buildActionMask = 2147483647;
			files = (
			);
			runOnlyForDeploymentPostprocessing = 0;
		};
		2813DAAC2427F60F00B0FC18 /* Resources */ = {
			isa = PBXResourcesBuildPhase;
			buildActionMask = 2147483647;
			files = (
			);
			runOnlyForDeploymentPostprocessing = 0;
		};
/* End PBXResourcesBuildPhase section */

/* Begin PBXSourcesBuildPhase section */
		2813DA862427F60D00B0FC18 /* Sources */ = {
			isa = PBXSourcesBuildPhase;
			buildActionMask = 2147483647;
			files = (
				2823ACE324425CD80003F11A /* SwiftUIView.swift in Sources */,
				28DD1A4824350C0D00EAB3EF /* Date+extensions.swift in Sources */,
				283CB62A2442F5790022314C /* Extension+UIView.swift in Sources */,
				28DEF5D9242893C20052EF85 /* ExpenseDetailTVC.swift in Sources */,
				2811176B24355EC00031CC37 /* AddExpenseModel.swift in Sources */,
				2813DAC62428001F00B0FC18 /* ExpensesTVC.swift in Sources */,
				28DD1A5024350C5800EAB3EF /* NSLocale+Extensions.swift in Sources */,
				28754684243AE0B000887359 /* IncomeDetailTVC.swift in Sources */,
				28DD1A4E24350C4800EAB3EF /* String+Extensions.swift in Sources */,
				28DD1A5224350F4100EAB3EF /* BBMonth.swift in Sources */,
				28DD1A4C24350C3400EAB3EF /* Number+Extensions.swift in Sources */,
				2813DA8E2427F60D00B0FC18 /* AppDelegate.swift in Sources */,
				286CB4B224312F0700F63053 /* Schema.swift in Sources */,
				28DD1A4A24350C2100EAB3EF /* DateFormatter+Extensions.swift in Sources */,
				286CB4B42431336800F63053 /* CoreDataStack.swift in Sources */,
				28B968672443AE6C0091D121 /* PaydayModel.swift in Sources */,
				28754686243AE40C00887359 /* IncomeProvider.swift in Sources */,
				2842908D243749BB0034D1F3 /* CoreDataManager.swift in Sources */,
				286CB4B024312AB200F63053 /* CoreData+Convenience.swift in Sources */,
				2813DA982427F60D00B0FC18 /* BetterBudget.xcdatamodeld in Sources */,
				28754682243AD88D00887359 /* BBTabBarController.swift in Sources */,
				287278C6242B157B00CA1717 /* UnusedCode.swift in Sources */,
				283CB6282442BB930022314C /* HeaderView.swift in Sources */,
				283CB62624428FD30022314C /* UIViewControllerExtensions.swift in Sources */,
				288CB7AC24458C0A004756E2 /* RightDetailTVCell.swift in Sources */,
				28B968632443A5450091D121 /* Extensions+Constraints.swift in Sources */,
				28754680243AD1B300887359 /* IncomeTVC.swift in Sources */,
				28754688243AEB5B00887359 /* IncomeInteractionDelegate.swift in Sources */,
				2813DA902427F60D00B0FC18 /* SceneDelegate.swift in Sources */,
				286CB4BA243176B100F63053 /* ExpenseInteractionDelegate.swift in Sources */,
				286CB4B82431525E00F63053 /* ExpenseProvider.swift in Sources */,
				2832EFF42434230400C4C4D3 /* PickerBasedTextField.swift in Sources */,
				2823ACE524425D3C0003F11A /* BudgetVC.swift in Sources */,
			);
			runOnlyForDeploymentPostprocessing = 0;
		};
		2813DA9F2427F60F00B0FC18 /* Sources */ = {
			isa = PBXSourcesBuildPhase;
			buildActionMask = 2147483647;
			files = (
				2813DAA82427F60F00B0FC18 /* BetterBudgetTests.swift in Sources */,
			);
			runOnlyForDeploymentPostprocessing = 0;
		};
		2813DAAA2427F60F00B0FC18 /* Sources */ = {
			isa = PBXSourcesBuildPhase;
			buildActionMask = 2147483647;
			files = (
				2813DAB32427F60F00B0FC18 /* BetterBudgetUITests.swift in Sources */,
			);
			runOnlyForDeploymentPostprocessing = 0;
		};
/* End PBXSourcesBuildPhase section */

/* Begin PBXTargetDependency section */
		2813DAA52427F60F00B0FC18 /* PBXTargetDependency */ = {
			isa = PBXTargetDependency;
			target = 2813DA892427F60D00B0FC18 /* BetterBudget */;
			targetProxy = 2813DAA42427F60F00B0FC18 /* PBXContainerItemProxy */;
		};
		2813DAB02427F60F00B0FC18 /* PBXTargetDependency */ = {
			isa = PBXTargetDependency;
			target = 2813DA892427F60D00B0FC18 /* BetterBudget */;
			targetProxy = 2813DAAF2427F60F00B0FC18 /* PBXContainerItemProxy */;
		};
/* End PBXTargetDependency section */

/* Begin PBXVariantGroup section */
		2813DA9B2427F60F00B0FC18 /* LaunchScreen.storyboard */ = {
			isa = PBXVariantGroup;
			children = (
				2813DA9C2427F60F00B0FC18 /* Base */,
			);
			name = LaunchScreen.storyboard;
			sourceTree = "<group>";
		};
/* End PBXVariantGroup section */

/* Begin XCBuildConfiguration section */
		2813DAB52427F60F00B0FC18 /* Debug */ = {
			isa = XCBuildConfiguration;
			buildSettings = {
				ALWAYS_SEARCH_USER_PATHS = NO;
				CLANG_ANALYZER_NONNULL = YES;
				CLANG_ANALYZER_NUMBER_OBJECT_CONVERSION = YES_AGGRESSIVE;
				CLANG_CXX_LANGUAGE_STANDARD = "gnu++14";
				CLANG_CXX_LIBRARY = "libc++";
				CLANG_ENABLE_MODULES = YES;
				CLANG_ENABLE_OBJC_ARC = YES;
				CLANG_ENABLE_OBJC_WEAK = YES;
				CLANG_WARN_BLOCK_CAPTURE_AUTORELEASING = YES;
				CLANG_WARN_BOOL_CONVERSION = YES;
				CLANG_WARN_COMMA = YES;
				CLANG_WARN_CONSTANT_CONVERSION = YES;
				CLANG_WARN_DEPRECATED_OBJC_IMPLEMENTATIONS = YES;
				CLANG_WARN_DIRECT_OBJC_ISA_USAGE = YES_ERROR;
				CLANG_WARN_DOCUMENTATION_COMMENTS = YES;
				CLANG_WARN_EMPTY_BODY = YES;
				CLANG_WARN_ENUM_CONVERSION = YES;
				CLANG_WARN_INFINITE_RECURSION = YES;
				CLANG_WARN_INT_CONVERSION = YES;
				CLANG_WARN_NON_LITERAL_NULL_CONVERSION = YES;
				CLANG_WARN_OBJC_IMPLICIT_RETAIN_SELF = YES;
				CLANG_WARN_OBJC_LITERAL_CONVERSION = YES;
				CLANG_WARN_OBJC_ROOT_CLASS = YES_ERROR;
				CLANG_WARN_RANGE_LOOP_ANALYSIS = YES;
				CLANG_WARN_STRICT_PROTOTYPES = YES;
				CLANG_WARN_SUSPICIOUS_MOVE = YES;
				CLANG_WARN_UNGUARDED_AVAILABILITY = YES_AGGRESSIVE;
				CLANG_WARN_UNREACHABLE_CODE = YES;
				CLANG_WARN__DUPLICATE_METHOD_MATCH = YES;
				COPY_PHASE_STRIP = NO;
				DEBUG_INFORMATION_FORMAT = dwarf;
				ENABLE_STRICT_OBJC_MSGSEND = YES;
				ENABLE_TESTABILITY = YES;
				GCC_C_LANGUAGE_STANDARD = gnu11;
				GCC_DYNAMIC_NO_PIC = NO;
				GCC_NO_COMMON_BLOCKS = YES;
				GCC_OPTIMIZATION_LEVEL = 0;
				GCC_PREPROCESSOR_DEFINITIONS = (
					"DEBUG=1",
					"$(inherited)",
				);
				GCC_WARN_64_TO_32_BIT_CONVERSION = YES;
				GCC_WARN_ABOUT_RETURN_TYPE = YES_ERROR;
				GCC_WARN_UNDECLARED_SELECTOR = YES;
				GCC_WARN_UNINITIALIZED_AUTOS = YES_AGGRESSIVE;
				GCC_WARN_UNUSED_FUNCTION = YES;
				GCC_WARN_UNUSED_VARIABLE = YES;
				IPHONEOS_DEPLOYMENT_TARGET = 13.2;
				MTL_ENABLE_DEBUG_INFO = INCLUDE_SOURCE;
				MTL_FAST_MATH = YES;
				ONLY_ACTIVE_ARCH = YES;
				SDKROOT = iphoneos;
				SWIFT_ACTIVE_COMPILATION_CONDITIONS = DEBUG;
				SWIFT_OPTIMIZATION_LEVEL = "-Onone";
			};
			name = Debug;
		};
		2813DAB62427F60F00B0FC18 /* Release */ = {
			isa = XCBuildConfiguration;
			buildSettings = {
				ALWAYS_SEARCH_USER_PATHS = NO;
				CLANG_ANALYZER_NONNULL = YES;
				CLANG_ANALYZER_NUMBER_OBJECT_CONVERSION = YES_AGGRESSIVE;
				CLANG_CXX_LANGUAGE_STANDARD = "gnu++14";
				CLANG_CXX_LIBRARY = "libc++";
				CLANG_ENABLE_MODULES = YES;
				CLANG_ENABLE_OBJC_ARC = YES;
				CLANG_ENABLE_OBJC_WEAK = YES;
				CLANG_WARN_BLOCK_CAPTURE_AUTORELEASING = YES;
				CLANG_WARN_BOOL_CONVERSION = YES;
				CLANG_WARN_COMMA = YES;
				CLANG_WARN_CONSTANT_CONVERSION = YES;
				CLANG_WARN_DEPRECATED_OBJC_IMPLEMENTATIONS = YES;
				CLANG_WARN_DIRECT_OBJC_ISA_USAGE = YES_ERROR;
				CLANG_WARN_DOCUMENTATION_COMMENTS = YES;
				CLANG_WARN_EMPTY_BODY = YES;
				CLANG_WARN_ENUM_CONVERSION = YES;
				CLANG_WARN_INFINITE_RECURSION = YES;
				CLANG_WARN_INT_CONVERSION = YES;
				CLANG_WARN_NON_LITERAL_NULL_CONVERSION = YES;
				CLANG_WARN_OBJC_IMPLICIT_RETAIN_SELF = YES;
				CLANG_WARN_OBJC_LITERAL_CONVERSION = YES;
				CLANG_WARN_OBJC_ROOT_CLASS = YES_ERROR;
				CLANG_WARN_RANGE_LOOP_ANALYSIS = YES;
				CLANG_WARN_STRICT_PROTOTYPES = YES;
				CLANG_WARN_SUSPICIOUS_MOVE = YES;
				CLANG_WARN_UNGUARDED_AVAILABILITY = YES_AGGRESSIVE;
				CLANG_WARN_UNREACHABLE_CODE = YES;
				CLANG_WARN__DUPLICATE_METHOD_MATCH = YES;
				COPY_PHASE_STRIP = NO;
				DEBUG_INFORMATION_FORMAT = "dwarf-with-dsym";
				ENABLE_NS_ASSERTIONS = NO;
				ENABLE_STRICT_OBJC_MSGSEND = YES;
				GCC_C_LANGUAGE_STANDARD = gnu11;
				GCC_NO_COMMON_BLOCKS = YES;
				GCC_WARN_64_TO_32_BIT_CONVERSION = YES;
				GCC_WARN_ABOUT_RETURN_TYPE = YES_ERROR;
				GCC_WARN_UNDECLARED_SELECTOR = YES;
				GCC_WARN_UNINITIALIZED_AUTOS = YES_AGGRESSIVE;
				GCC_WARN_UNUSED_FUNCTION = YES;
				GCC_WARN_UNUSED_VARIABLE = YES;
				IPHONEOS_DEPLOYMENT_TARGET = 13.2;
				MTL_ENABLE_DEBUG_INFO = NO;
				MTL_FAST_MATH = YES;
				SDKROOT = iphoneos;
				SWIFT_COMPILATION_MODE = wholemodule;
				SWIFT_OPTIMIZATION_LEVEL = "-O";
				VALIDATE_PRODUCT = YES;
			};
			name = Release;
		};
		2813DAB82427F60F00B0FC18 /* Debug */ = {
			isa = XCBuildConfiguration;
			buildSettings = {
				ASSETCATALOG_COMPILER_APPICON_NAME = AppIcon;
				CODE_SIGN_ENTITLEMENTS = BetterBudget/BetterBudget.entitlements;
				CODE_SIGN_STYLE = Automatic;
				DERIVE_MACCATALYST_PRODUCT_BUNDLE_IDENTIFIER = YES;
				DEVELOPMENT_TEAM = 6K64C6VNR6;
				INFOPLIST_FILE = BetterBudget/Info.plist;
				LD_RUNPATH_SEARCH_PATHS = (
					"$(inherited)",
					"@executable_path/Frameworks",
				);
				PRODUCT_BUNDLE_IDENTIFIER = com.johnjames.BetterBudget;
				PRODUCT_NAME = "$(TARGET_NAME)";
				SUPPORTS_MACCATALYST = YES;
				SWIFT_VERSION = 5.0;
				TARGETED_DEVICE_FAMILY = "1,2";
			};
			name = Debug;
		};
		2813DAB92427F60F00B0FC18 /* Release */ = {
			isa = XCBuildConfiguration;
			buildSettings = {
				ASSETCATALOG_COMPILER_APPICON_NAME = AppIcon;
				CODE_SIGN_ENTITLEMENTS = BetterBudget/BetterBudget.entitlements;
				CODE_SIGN_STYLE = Automatic;
				DERIVE_MACCATALYST_PRODUCT_BUNDLE_IDENTIFIER = YES;
				DEVELOPMENT_TEAM = 6K64C6VNR6;
				INFOPLIST_FILE = BetterBudget/Info.plist;
				LD_RUNPATH_SEARCH_PATHS = (
					"$(inherited)",
					"@executable_path/Frameworks",
				);
				PRODUCT_BUNDLE_IDENTIFIER = com.johnjames.BetterBudget;
				PRODUCT_NAME = "$(TARGET_NAME)";
				SUPPORTS_MACCATALYST = YES;
				SWIFT_VERSION = 5.0;
				TARGETED_DEVICE_FAMILY = "1,2";
			};
			name = Release;
		};
		2813DABB2427F60F00B0FC18 /* Debug */ = {
			isa = XCBuildConfiguration;
			buildSettings = {
				ALWAYS_EMBED_SWIFT_STANDARD_LIBRARIES = YES;
				BUNDLE_LOADER = "$(TEST_HOST)";
				CODE_SIGN_STYLE = Automatic;
				INFOPLIST_FILE = BetterBudgetTests/Info.plist;
				IPHONEOS_DEPLOYMENT_TARGET = 13.2;
				LD_RUNPATH_SEARCH_PATHS = (
					"$(inherited)",
					"@executable_path/Frameworks",
					"@loader_path/Frameworks",
				);
				PRODUCT_BUNDLE_IDENTIFIER = com.johnjames.BetterBudgetTests;
				PRODUCT_NAME = "$(TARGET_NAME)";
				SWIFT_VERSION = 5.0;
				TARGETED_DEVICE_FAMILY = "1,2";
				TEST_HOST = "$(BUILT_PRODUCTS_DIR)/BetterBudget.app/BetterBudget";
			};
			name = Debug;
		};
		2813DABC2427F60F00B0FC18 /* Release */ = {
			isa = XCBuildConfiguration;
			buildSettings = {
				ALWAYS_EMBED_SWIFT_STANDARD_LIBRARIES = YES;
				BUNDLE_LOADER = "$(TEST_HOST)";
				CODE_SIGN_STYLE = Automatic;
				INFOPLIST_FILE = BetterBudgetTests/Info.plist;
				IPHONEOS_DEPLOYMENT_TARGET = 13.2;
				LD_RUNPATH_SEARCH_PATHS = (
					"$(inherited)",
					"@executable_path/Frameworks",
					"@loader_path/Frameworks",
				);
				PRODUCT_BUNDLE_IDENTIFIER = com.johnjames.BetterBudgetTests;
				PRODUCT_NAME = "$(TARGET_NAME)";
				SWIFT_VERSION = 5.0;
				TARGETED_DEVICE_FAMILY = "1,2";
				TEST_HOST = "$(BUILT_PRODUCTS_DIR)/BetterBudget.app/BetterBudget";
			};
			name = Release;
		};
		2813DABE2427F60F00B0FC18 /* Debug */ = {
			isa = XCBuildConfiguration;
			buildSettings = {
				ALWAYS_EMBED_SWIFT_STANDARD_LIBRARIES = YES;
				CODE_SIGN_STYLE = Automatic;
				INFOPLIST_FILE = BetterBudgetUITests/Info.plist;
				LD_RUNPATH_SEARCH_PATHS = (
					"$(inherited)",
					"@executable_path/Frameworks",
					"@loader_path/Frameworks",
				);
				PRODUCT_BUNDLE_IDENTIFIER = com.johnjames.BetterBudgetUITests;
				PRODUCT_NAME = "$(TARGET_NAME)";
				SWIFT_VERSION = 5.0;
				TARGETED_DEVICE_FAMILY = "1,2";
				TEST_TARGET_NAME = BetterBudget;
			};
			name = Debug;
		};
		2813DABF2427F60F00B0FC18 /* Release */ = {
			isa = XCBuildConfiguration;
			buildSettings = {
				ALWAYS_EMBED_SWIFT_STANDARD_LIBRARIES = YES;
				CODE_SIGN_STYLE = Automatic;
				INFOPLIST_FILE = BetterBudgetUITests/Info.plist;
				LD_RUNPATH_SEARCH_PATHS = (
					"$(inherited)",
					"@executable_path/Frameworks",
					"@loader_path/Frameworks",
				);
				PRODUCT_BUNDLE_IDENTIFIER = com.johnjames.BetterBudgetUITests;
				PRODUCT_NAME = "$(TARGET_NAME)";
				SWIFT_VERSION = 5.0;
				TARGETED_DEVICE_FAMILY = "1,2";
				TEST_TARGET_NAME = BetterBudget;
			};
			name = Release;
		};
/* End XCBuildConfiguration section */

/* Begin XCConfigurationList section */
		2813DA852427F60D00B0FC18 /* Build configuration list for PBXProject "BetterBudget" */ = {
			isa = XCConfigurationList;
			buildConfigurations = (
				2813DAB52427F60F00B0FC18 /* Debug */,
				2813DAB62427F60F00B0FC18 /* Release */,
			);
			defaultConfigurationIsVisible = 0;
			defaultConfigurationName = Release;
		};
		2813DAB72427F60F00B0FC18 /* Build configuration list for PBXNativeTarget "BetterBudget" */ = {
			isa = XCConfigurationList;
			buildConfigurations = (
				2813DAB82427F60F00B0FC18 /* Debug */,
				2813DAB92427F60F00B0FC18 /* Release */,
			);
			defaultConfigurationIsVisible = 0;
			defaultConfigurationName = Release;
		};
		2813DABA2427F60F00B0FC18 /* Build configuration list for PBXNativeTarget "BetterBudgetTests" */ = {
			isa = XCConfigurationList;
			buildConfigurations = (
				2813DABB2427F60F00B0FC18 /* Debug */,
				2813DABC2427F60F00B0FC18 /* Release */,
			);
			defaultConfigurationIsVisible = 0;
			defaultConfigurationName = Release;
		};
		2813DABD2427F60F00B0FC18 /* Build configuration list for PBXNativeTarget "BetterBudgetUITests" */ = {
			isa = XCConfigurationList;
			buildConfigurations = (
				2813DABE2427F60F00B0FC18 /* Debug */,
				2813DABF2427F60F00B0FC18 /* Release */,
			);
			defaultConfigurationIsVisible = 0;
			defaultConfigurationName = Release;
		};
/* End XCConfigurationList section */

/* Begin XCVersionGroup section */
		2813DA962427F60D00B0FC18 /* BetterBudget.xcdatamodeld */ = {
			isa = XCVersionGroup;
			children = (
				2813DA972427F60D00B0FC18 /* BetterBudget.xcdatamodel */,
			);
			currentVersion = 2813DA972427F60D00B0FC18 /* BetterBudget.xcdatamodel */;
			path = BetterBudget.xcdatamodeld;
			sourceTree = "<group>";
			versionGroupType = wrapper.xcdatamodel;
		};
/* End XCVersionGroup section */
	};
	rootObject = 2813DA822427F60D00B0FC18 /* Project object */;
}
